
Microsoft Visual Studio Solution File, Format Version 12.00
# Visual Studio Version 16
VisualStudioVersion = 16.0.32228.343
MinimumVisualStudioVersion = 10.0.40219.1
Project("{FAE04EC0-301F-11D3-BF4B-00C04F79EFBC}") = "CIARE", "CIARE\CIARE.csproj", "{97740883-D1DF-43E6-9BEA-F4639907687C}"
EndProject
Global
	GlobalSection(SolutionConfigurationPlatforms) = preSolution
		Debug|Any CPU = Debug|Any CPU
		Release|Any CPU = Release|Any CPU
	EndGlobalSection
	GlobalSection(ProjectConfigurationPlatforms) = postSolution
		{97740883-D1DF-43E6-9BEA-F4639907687C}.Debug|Any CPU.ActiveCfg = Debug|Any CPU
		{97740883-D1DF-43E6-9BEA-F4639907687C}.Debug|Any CPU.Build.0 = Debug|Any CPU
		{97740883-D1DF-43E6-9BEA-F4639907687C}.Release|Any CPU.ActiveCfg = Release|Any CPU
		{97740883-D1DF-43E6-9BEA-F4639907687C}.Release|Any CPU.Build.0 = Release|Any CPU
	EndGlobalSection
	GlobalSection(SolutionProperties) = preSolution
		HideSolutionNode = FALSE
	EndGlobalSection
	GlobalSection(ExtensibilityGlobals) = postSolution
		SolutionGuid = {C0A43C0A-5CA4-4AED-96AC-1FB94B02CB22}
	EndGlobalSection
EndGlobal
